
Microsoft Visual Studio Solution File, Format Version 12.00
# Visual Studio Version 17
VisualStudioVersion = 17.7.34031.279
MinimumVisualStudioVersion = 10.0.40219.1
Project("{FAE04EC0-301F-11D3-BF4B-00C04F79EFBC}") = "EjercicioCasoDeUsoPersonal", "EjercicioCasoDeUsoPersonal.csproj", "{FECB5360-83AB-4C58-AD75-ADDC2A743905}"
EndProject
Global
	GlobalSection(SolutionConfigurationPlatforms) = preSolution
		Debug|Any CPU = Debug|Any CPU
		Release|Any CPU = Release|Any CPU
	EndGlobalSection
	GlobalSection(ProjectConfigurationPlatforms) = postSolution
		{FECB5360-83AB-4C58-AD75-ADDC2A743905}.Debug|Any CPU.ActiveCfg = Debug|Any CPU
		{FECB5360-83AB-4C58-AD75-ADDC2A743905}.Debug|Any CPU.Build.0 = Debug|Any CPU
		{FECB5360-83AB-4C58-AD75-ADDC2A743905}.Release|Any CPU.ActiveCfg = Release|Any CPU
		{FECB5360-83AB-4C58-AD75-ADDC2A743905}.Release|Any CPU.Build.0 = Release|Any CPU
	EndGlobalSection
	GlobalSection(SolutionProperties) = preSolution
		HideSolutionNode = FALSE
	EndGlobalSection
	GlobalSection(ExtensibilityGlobals) = postSolution
		SolutionGuid = {F63A109E-8528-49F2-8B7F-BCA7383C91CF}
	EndGlobalSection
EndGlobal
